
Microsoft Visual Studio Solution File, Format Version 12.00
# Visual Studio Version 17
VisualStudioVersion = 17.14.36811.4 d17.14
MinimumVisualStudioVersion = 10.0.40219.1
Project("{FAE04EC0-301F-11D3-BF4B-00C04F79EFBC}") = "MomsAppApi", "MomsAppApi.csproj", "{CB25C30E-22E3-4A71-AEB8-4A548AD36BD4}"
EndProject
Global
	GlobalSection(SolutionConfigurationPlatforms) = preSolution
		Debug|Any CPU = Debug|Any CPU
		Release|Any CPU = Release|Any CPU
	EndGlobalSection
	GlobalSection(ProjectConfigurationPlatforms) = postSolution
		{CB25C30E-22E3-4A71-AEB8-4A548AD36BD4}.Debug|Any CPU.ActiveCfg = Debug|Any CPU
		{CB25C30E-22E3-4A71-AEB8-4A548AD36BD4}.Debug|Any CPU.Build.0 = Debug|Any CPU
		{CB25C30E-22E3-4A71-AEB8-4A548AD36BD4}.Release|Any CPU.ActiveCfg = Release|Any CPU
		{CB25C30E-22E3-4A71-AEB8-4A548AD36BD4}.Release|Any CPU.Build.0 = Release|Any CPU
	EndGlobalSection
	GlobalSection(SolutionProperties) = preSolution
		HideSolutionNode = FALSE
	EndGlobalSection
	GlobalSection(ExtensibilityGlobals) = postSolution
		SolutionGuid = {0C95559D-4576-44FB-BCD9-D0DA1C9A0E74}
	EndGlobalSection
EndGlobal
